
Microsoft Visual Studio Solution File, Format Version 12.00
# Visual Studio 15
VisualStudioVersion = 15.0.28307.902
MinimumVisualStudioVersion = 10.0.40219.1
Project("{FAE04EC0-301F-11D3-BF4B-00C04F79EFBC}") = "UserGallery", "UserGallery\UserGallery.csproj", "{24AFE7D3-C2BB-47AE-B6A4-E28234F02A9B}"
EndProject
Global
	GlobalSection(SolutionConfigurationPlatforms) = preSolution
		Debug|Any CPU = Debug|Any CPU
		Release|Any CPU = Release|Any CPU
	EndGlobalSection
	GlobalSection(ProjectConfigurationPlatforms) = postSolution
		{24AFE7D3-C2BB-47AE-B6A4-E28234F02A9B}.Debug|Any CPU.ActiveCfg = Debug|Any CPU
		{24AFE7D3-C2BB-47AE-B6A4-E28234F02A9B}.Debug|Any CPU.Build.0 = Debug|Any CPU
		{24AFE7D3-C2BB-47AE-B6A4-E28234F02A9B}.Release|Any CPU.ActiveCfg = Release|Any CPU
		{24AFE7D3-C2BB-47AE-B6A4-E28234F02A9B}.Release|Any CPU.Build.0 = Release|Any CPU
	EndGlobalSection
	GlobalSection(SolutionProperties) = preSolution
		HideSolutionNode = FALSE
	EndGlobalSection
	GlobalSection(ExtensibilityGlobals) = postSolution
		SolutionGuid = {E5BB3F8C-6CE4-4262-9C0E-D69C3BB735B5}
	EndGlobalSection
EndGlobal
